// !$*UTF8*$!
{
	archiveVersion = 1;
	classes = {
	};
	objectVersion = 56;
	objects = {

/* Begin PBXBuildFile section */
		062BF0402A7420B9000E6550 /* gifLoad.swift in Sources */ = {isa = PBXBuildFile; fileRef = 062BF03F2A7420B9000E6550 /* gifLoad.swift */; };
		066FB3A02A73108700292EA3 /* AppDelegate.swift in Sources */ = {isa = PBXBuildFile; fileRef = 066FB39F2A73108700292EA3 /* AppDelegate.swift */; };
		066FB3A22A73108700292EA3 /* SceneDelegate.swift in Sources */ = {isa = PBXBuildFile; fileRef = 066FB3A12A73108700292EA3 /* SceneDelegate.swift */; };
		066FB3A42A73108700292EA3 /* ViewController.swift in Sources */ = {isa = PBXBuildFile; fileRef = 066FB3A32A73108700292EA3 /* ViewController.swift */; };
		066FB3A72A73108700292EA3 /* Main.storyboard in Resources */ = {isa = PBXBuildFile; fileRef = 066FB3A52A73108700292EA3 /* Main.storyboard */; };
		066FB3A92A73108900292EA3 /* Assets.xcassets in Resources */ = {isa = PBXBuildFile; fileRef = 066FB3A82A73108900292EA3 /* Assets.xcassets */; };
		066FB3AC2A73108900292EA3 /* LaunchScreen.storyboard in Resources */ = {isa = PBXBuildFile; fileRef = 066FB3AA2A73108900292EA3 /* LaunchScreen.storyboard */; };
		067EA6912A75867600DF16A6 /* lotofacilVC.swift in Sources */ = {isa = PBXBuildFile; fileRef = 067EA6902A75867600DF16A6 /* lotofacilVC.swift */; };
		06A4B79C2A74349000098936 /* Homer.gif in Resources */ = {isa = PBXBuildFile; fileRef = 06A4B79B2A74349000098936 /* Homer.gif */; };
/* End PBXBuildFile section */

/* Begin PBXFileReference section */
		062BF03F2A7420B9000E6550 /* gifLoad.swift */ = {isa = PBXFileReference; lastKnownFileType = sourcecode.swift; path = gifLoad.swift; sourceTree = "<group>"; };
		066FB39C2A73108700292EA3 /* Consulta.app */ = {isa = PBXFileReference; explicitFileType = wrapper.application; includeInIndex = 0; path = Consulta.app; sourceTree = BUILT_PRODUCTS_DIR; };
		066FB39F2A73108700292EA3 /* AppDelegate.swift */ = {isa = PBXFileReference; lastKnownFileType = sourcecode.swift; path = AppDelegate.swift; sourceTree = "<group>"; };
		066FB3A12A73108700292EA3 /* SceneDelegate.swift */ = {isa = PBXFileReference; lastKnownFileType = sourcecode.swift; path = SceneDelegate.swift; sourceTree = "<group>"; };
		066FB3A32A73108700292EA3 /* ViewController.swift */ = {isa = PBXFileReference; lastKnownFileType = sourcecode.swift; path = ViewController.swift; sourceTree = "<group>"; };
		066FB3A62A73108700292EA3 /* Base */ = {isa = PBXFileReference; lastKnownFileType = file.storyboard; name = Base; path = Base.lproj/Main.storyboard; sourceTree = "<group>"; };
		066FB3A82A73108900292EA3 /* Assets.xcassets */ = {isa = PBXFileReference; lastKnownFileType = folder.assetcatalog; path = Assets.xcassets; sourceTree = "<group>"; };
		066FB3AB2A73108900292EA3 /* Base */ = {isa = PBXFileReference; lastKnownFileType = file.storyboard; name = Base; path = Base.lproj/LaunchScreen.storyboard; sourceTree = "<group>"; };
		066FB3AD2A73108900292EA3 /* Info.plist */ = {isa = PBXFileReference; lastKnownFileType = text.plist.xml; path = Info.plist; sourceTree = "<group>"; };
		067EA6902A75867600DF16A6 /* lotofacilVC.swift */ = {isa = PBXFileReference; lastKnownFileType = sourcecode.swift; path = lotofacilVC.swift; sourceTree = "<group>"; };
		06A4B79B2A74349000098936 /* Homer.gif */ = {isa = PBXFileReference; lastKnownFileType = image.gif; path = Homer.gif; sourceTree = "<group>"; };
/* End PBXFileReference section */

/* Begin PBXFrameworksBuildPhase section */
		066FB3992A73108700292EA3 /* Frameworks */ = {
			isa = PBXFrameworksBuildPhase;
			buildActionMask = 2147483647;
			files = (
			);
			runOnlyForDeploymentPostprocessing = 0;
		};
/* End PBXFrameworksBuildPhase section */

/* Begin PBXGroup section */
		066FB3932A73108700292EA3 = {
			isa = PBXGroup;
			children = (
				066FB39E2A73108700292EA3 /* Consulta */,
				066FB39D2A73108700292EA3 /* Products */,
			);
			sourceTree = "<group>";
		};
		066FB39D2A73108700292EA3 /* Products */ = {
			isa = PBXGroup;
			children = (
				066FB39C2A73108700292EA3 /* Consulta.app */,
			);
			name = Products;
			sourceTree = "<group>";
		};
		066FB39E2A73108700292EA3 /* Consulta */ = {
			isa = PBXGroup;
			children = (
				066FB39F2A73108700292EA3 /* AppDelegate.swift */,
				066FB3A12A73108700292EA3 /* SceneDelegate.swift */,
				066FB3A32A73108700292EA3 /* ViewController.swift */,
				062BF03F2A7420B9000E6550 /* gifLoad.swift */,
				06A4B79B2A74349000098936 /* Homer.gif */,
				066FB3A52A73108700292EA3 /* Main.storyboard */,
				067EA6902A75867600DF16A6 /* lotofacilVC.swift */,
				066FB3A82A73108900292EA3 /* Assets.xcassets */,
				066FB3AA2A73108900292EA3 /* LaunchScreen.storyboard */,
				066FB3AD2A73108900292EA3 /* Info.plist */,
			);
			path = Consulta;
			sourceTree = "<group>";
		};
/* End PBXGroup section */

/* Begin PBXNativeTarget section */
		066FB39B2A73108700292EA3 /* Consulta */ = {
			isa = PBXNativeTarget;
			buildConfigurationList = 066FB3B02A73108900292EA3 /* Build configuration list for PBXNativeTarget "Consulta" */;
			buildPhases = (
				066FB3982A73108700292EA3 /* Sources */,
				066FB3992A73108700292EA3 /* Frameworks */,
				066FB39A2A73108700292EA3 /* Resources */,
			);
			buildRules = (
			);
			dependencies = (
			);
			name = Consulta;
			productName = Consulta;
			productReference = 066FB39C2A73108700292EA3 /* Consulta.app */;
			productType = "com.apple.product-type.application";
		};
/* End PBXNativeTarget section */

/* Begin PBXProject section */
		066FB3942A73108700292EA3 /* Project object */ = {
			isa = PBXProject;
			attributes = {
				BuildIndependentTargetsInParallel = 1;
				LastSwiftUpdateCheck = 1430;
				LastUpgradeCheck = 1430;
				TargetAttributes = {
					066FB39B2A73108700292EA3 = {
						CreatedOnToolsVersion = 14.3.1;
					};
				};
			};
			buildConfigurationList = 066FB3972A73108700292EA3 /* Build configuration list for PBXProject "Consulta" */;
			compatibilityVersion = "Xcode 14.0";
			developmentRegion = en;
			hasScannedForEncodings = 0;
			knownRegions = (
				en,
				Base,
			);
			mainGroup = 066FB3932A73108700292EA3;
			productRefGroup = 066FB39D2A73108700292EA3 /* Products */;
			projectDirPath = "";
			projectRoot = "";
			targets = (
				066FB39B2A73108700292EA3 /* Consulta */,
			);
		};
/* End PBXProject section */

/* Begin PBXResourcesBuildPhase section */
		066FB39A2A73108700292EA3 /* Resources */ = {
			isa = PBXResourcesBuildPhase;
			buildActionMask = 2147483647;
			files = (
				066FB3AC2A73108900292EA3 /* LaunchScreen.storyboard in Resources */,
				06A4B79C2A74349000098936 /* Homer.gif in Resources */,
				066FB3A92A73108900292EA3 /* Assets.xcassets in Resources */,
				066FB3A72A73108700292EA3 /* Main.storyboard in Resources */,
			);
			runOnlyForDeploymentPostprocessing = 0;
		};
/* End PBXResourcesBuildPhase section */

/* Begin PBXSourcesBuildPhase section */
		066FB3982A73108700292EA3 /* Sources */ = {
			isa = PBXSourcesBuildPhase;
			buildActionMask = 2147483647;
			files = (
				066FB3A42A73108700292EA3 /* ViewController.swift in Sources */,
				066FB3A02A73108700292EA3 /* AppDelegate.swift in Sources */,
				067EA6912A75867600DF16A6 /* lotofacilVC.swift in Sources */,
				062BF0402A7420B9000E6550 /* gifLoad.swift in Sources */,
				066FB3A22A73108700292EA3 /* SceneDelegate.swift in Sources */,
			);
			runOnlyForDeploymentPostprocessing = 0;
		};
/* End PBXSourcesBuildPhase section */

/* Begin PBXVariantGroup section */
		066FB3A52A73108700292EA3 /* Main.storyboard */ = {
			isa = PBXVariantGroup;
			children = (
				066FB3A62A73108700292EA3 /* Base */,
			);
			name = Main.storyboard;
			sourceTree = "<group>";
		};
		066FB3AA2A73108900292EA3 /* LaunchScreen.storyboard */ = {
			isa = PBXVariantGroup;
			children = (
				066FB3AB2A73108900292EA3 /* Base */,
			);
			name = LaunchScreen.storyboard;
			sourceTree = "<group>";
		};
/* End PBXVariantGroup section */

/* Begin XCBuildConfiguration section */
		066FB3AE2A73108900292EA3 /* Debug */ = {
			isa = XCBuildConfiguration;
			buildSettings = {
				ALWAYS_SEARCH_USER_PATHS = NO;
				CLANG_ANALYZER_NONNULL = YES;
				CLANG_ANALYZER_NUMBER_OBJECT_CONVERSION = YES_AGGRESSIVE;
				CLANG_CXX_LANGUAGE_STANDARD = "gnu++20";
				CLANG_ENABLE_MODULES = YES;
				CLANG_ENABLE_OBJC_ARC = YES;
				CLANG_ENABLE_OBJC_WEAK = YES;
				CLANG_WARN_BLOCK_CAPTURE_AUTORELEASING = YES;
				CLANG_WARN_BOOL_CONVERSION = YES;
				CLANG_WARN_COMMA = YES;
				CLANG_WARN_CONSTANT_CONVERSION = YES;
				CLANG_WARN_DEPRECATED_OBJC_IMPLEMENTATIONS = YES;
				CLANG_WARN_DIRECT_OBJC_ISA_USAGE = YES_ERROR;
				CLANG_WARN_DOCUMENTATION_COMMENTS = YES;
				CLANG_WARN_EMPTY_BODY = YES;
				CLANG_WARN_ENUM_CONVERSION = YES;
				CLANG_WARN_INFINITE_RECURSION = YES;
				CLANG_WARN_INT_CONVERSION = YES;
				CLANG_WARN_NON_LITERAL_NULL_CONVERSION = YES;
				CLANG_WARN_OBJC_IMPLICIT_RETAIN_SELF = YES;
				CLANG_WARN_OBJC_LITERAL_CONVERSION = YES;
				CLANG_WARN_OBJC_ROOT_CLASS = YES_ERROR;
				CLANG_WARN_QUOTED_INCLUDE_IN_FRAMEWORK_HEADER = YES;
				CLANG_WARN_RANGE_LOOP_ANALYSIS = YES;
				CLANG_WARN_STRICT_PROTOTYPES = YES;
				CLANG_WARN_SUSPICIOUS_MOVE = YES;
				CLANG_WARN_UNGUARDED_AVAILABILITY = YES_AGGRESSIVE;
				CLANG_WARN_UNREACHABLE_CODE = YES;
				CLANG_WARN__DUPLICATE_METHOD_MATCH = YES;
				COPY_PHASE_STRIP = NO;
				DEBUG_INFORMATION_FORMAT = dwarf;
				ENABLE_STRICT_OBJC_MSGSEND = YES;
				ENABLE_TESTABILITY = YES;
				GCC_C_LANGUAGE_STANDARD = gnu11;
				GCC_DYNAMIC_NO_PIC = NO;
				GCC_NO_COMMON_BLOCKS = YES;
				GCC_OPTIMIZATION_LEVEL = 0;
				GCC_PREPROCESSOR_DEFINITIONS = (
					"DEBUG=1",
					"$(inherited)",
				);
				GCC_WARN_64_TO_32_BIT_CONVERSION = YES;
				GCC_WARN_ABOUT_RETURN_TYPE = YES_ERROR;
				GCC_WARN_UNDECLARED_SELECTOR = YES;
				GCC_WARN_UNINITIALIZED_AUTOS = YES_AGGRESSIVE;
				GCC_WARN_UNUSED_FUNCTION = YES;
				GCC_WARN_UNUSED_VARIABLE = YES;
				IPHONEOS_DEPLOYMENT_TARGET = 16.4;
				MTL_ENABLE_DEBUG_INFO = INCLUDE_SOURCE;
				MTL_FAST_MATH = YES;
				ONLY_ACTIVE_ARCH = YES;
				PRODUCT_NAME = "Anúncios";
				SDKROOT = iphoneos;
				SWIFT_ACTIVE_COMPILATION_CONDITIONS = DEBUG;
				SWIFT_OPTIMIZATION_LEVEL = "-Onone";
			};
			name = Debug;
		};
		066FB3AF2A73108900292EA3 /* Release */ = {
			isa = XCBuildConfiguration;
			buildSettings = {
				ALWAYS_SEARCH_USER_PATHS = NO;
				CLANG_ANALYZER_NONNULL = YES;
				CLANG_ANALYZER_NUMBER_OBJECT_CONVERSION = YES_AGGRESSIVE;
				CLANG_CXX_LANGUAGE_STANDARD = "gnu++20";
				CLANG_ENABLE_MODULES = YES;
				CLANG_ENABLE_OBJC_ARC = YES;
				CLANG_ENABLE_OBJC_WEAK = YES;
				CLANG_WARN_BLOCK_CAPTURE_AUTORELEASING = YES;
				CLANG_WARN_BOOL_CONVERSION = YES;
				CLANG_WARN_COMMA = YES;
				CLANG_WARN_CONSTANT_CONVERSION = YES;
				CLANG_WARN_DEPRECATED_OBJC_IMPLEMENTATIONS = YES;
				CLANG_WARN_DIRECT_OBJC_ISA_USAGE = YES_ERROR;
				CLANG_WARN_DOCUMENTATION_COMMENTS = YES;
				CLANG_WARN_EMPTY_BODY = YES;
				CLANG_WARN_ENUM_CONVERSION = YES;
				CLANG_WARN_INFINITE_RECURSION = YES;
				CLANG_WARN_INT_CONVERSION = YES;
				CLANG_WARN_NON_LITERAL_NULL_CONVERSION = YES;
				CLANG_WARN_OBJC_IMPLICIT_RETAIN_SELF = YES;
				CLANG_WARN_OBJC_LITERAL_CONVERSION = YES;
				CLANG_WARN_OBJC_ROOT_CLASS = YES_ERROR;
				CLANG_WARN_QUOTED_INCLUDE_IN_FRAMEWORK_HEADER = YES;
				CLANG_WARN_RANGE_LOOP_ANALYSIS = YES;
				CLANG_WARN_STRICT_PROTOTYPES = YES;
				CLANG_WARN_SUSPICIOUS_MOVE = YES;
				CLANG_WARN_UNGUARDED_AVAILABILITY = YES_AGGRESSIVE;
				CLANG_WARN_UNREACHABLE_CODE = YES;
				CLANG_WARN__DUPLICATE_METHOD_MATCH = YES;
				COPY_PHASE_STRIP = NO;
				DEBUG_INFORMATION_FORMAT = "dwarf-with-dsym";
				ENABLE_NS_ASSERTIONS = NO;
				ENABLE_STRICT_OBJC_MSGSEND = YES;
				GCC_C_LANGUAGE_STANDARD = gnu11;
				GCC_NO_COMMON_BLOCKS = YES;
				GCC_WARN_64_TO_32_BIT_CONVERSION = YES;
				GCC_WARN_ABOUT_RETURN_TYPE = YES_ERROR;
				GCC_WARN_UNDECLARED_SELECTOR = YES;
				GCC_WARN_UNINITIALIZED_AUTOS = YES_AGGRESSIVE;
				GCC_WARN_UNUSED_FUNCTION = YES;
				GCC_WARN_UNUSED_VARIABLE = YES;
				IPHONEOS_DEPLOYMENT_TARGET = 16.4;
				MTL_ENABLE_DEBUG_INFO = NO;
				MTL_FAST_MATH = YES;
				PRODUCT_NAME = "Anúncios";
				SDKROOT = iphoneos;
				SWIFT_COMPILATION_MODE = wholemodule;
				SWIFT_OPTIMIZATION_LEVEL = "-O";
				VALIDATE_PRODUCT = YES;
			};
			name = Release;
		};
		066FB3B12A73108900292EA3 /* Debug */ = {
			isa = XCBuildConfiguration;
			buildSettings = {
				ASSETCATALOG_COMPILER_APPICON_NAME = AppIcon;
				ASSETCATALOG_COMPILER_GLOBAL_ACCENT_COLOR_NAME = AccentColor;
				CODE_SIGN_IDENTITY = "Apple Development";
				CODE_SIGN_STYLE = Automatic;
				CURRENT_PROJECT_VERSION = 1;
				DEVELOPMENT_TEAM = 2RK2L8FPJ2;
				GENERATE_INFOPLIST_FILE = YES;
				INFOPLIST_FILE = Consulta/Info.plist;
				INFOPLIST_KEY_CFBundleDisplayName = "Anúncio";
				INFOPLIST_KEY_UIApplicationSupportsIndirectInputEvents = YES;
				INFOPLIST_KEY_UILaunchStoryboardName = LaunchScreen;
				INFOPLIST_KEY_UIMainStoryboardFile = Main;
				INFOPLIST_KEY_UIRequiresFullScreen = YES;
				INFOPLIST_KEY_UIStatusBarStyle = "";
				INFOPLIST_KEY_UISupportedInterfaceOrientations = UIInterfaceOrientationPortrait;
				LD_RUNPATH_SEARCH_PATHS = (
					"$(inherited)",
					"@executable_path/Frameworks",
				);
				MARKETING_VERSION = 1.0;
				PRODUCT_BUNDLE_IDENTIFIER = co.gustavobergamo.Consulta;
				PRODUCT_NAME = "$(TARGET_NAME)";
				PROVISIONING_PROFILE_SPECIFIER = "";
				SWIFT_EMIT_LOC_STRINGS = YES;
				SWIFT_VERSION = 5.0;
				TARGETED_DEVICE_FAMILY = "1,2";
			};
			name = Debug;
		};
		066FB3B22A73108900292EA3 /* Release */ = {
			isa = XCBuildConfiguration;
			buildSettings = {
				ASSETCATALOG_COMPILER_APPICON_NAME = AppIcon;
				ASSETCATALOG_COMPILER_GLOBAL_ACCENT_COLOR_NAME = AccentColor;
				CODE_SIGN_IDENTITY = "Apple Development";
				CODE_SIGN_STYLE = Automatic;
				CURRENT_PROJECT_VERSION = 1;
				DEVELOPMENT_TEAM = 2RK2L8FPJ2;
				GENERATE_INFOPLIST_FILE = YES;
				INFOPLIST_FILE = Consulta/Info.plist;
				INFOPLIST_KEY_CFBundleDisplayName = "Anúncio";
				INFOPLIST_KEY_UIApplicationSupportsIndirectInputEvents = YES;
				INFOPLIST_KEY_UILaunchStoryboardName = LaunchScreen;
				INFOPLIST_KEY_UIMainStoryboardFile = Main;
				INFOPLIST_KEY_UIRequiresFullScreen = YES;
				INFOPLIST_KEY_UIStatusBarStyle = "";
				INFOPLIST_KEY_UISupportedInterfaceOrientations = UIInterfaceOrientationPortrait;
				LD_RUNPATH_SEARCH_PATHS = (
					"$(inherited)",
					"@executable_path/Frameworks",
				);
				MARKETING_VERSION = 1.0;
				PRODUCT_BUNDLE_IDENTIFIER = co.gustavobergamo.Consulta;
				PRODUCT_NAME = "$(TARGET_NAME)";
				PROVISIONING_PROFILE_SPECIFIER = "";
				SWIFT_EMIT_LOC_STRINGS = YES;
				SWIFT_VERSION = 5.0;
				TARGETED_DEVICE_FAMILY = "1,2";
			};
			name = Release;
		};
/* End XCBuildConfiguration section */

/* Begin XCConfigurationList section */
		066FB3972A73108700292EA3 /* Build configuration list for PBXProject "Consulta" */ = {
			isa = XCConfigurationList;
			buildConfigurations = (
				066FB3AE2A73108900292EA3 /* Debug */,
				066FB3AF2A73108900292EA3 /* Release */,
			);
			defaultConfigurationIsVisible = 0;
			defaultConfigurationName = Release;
		};
		066FB3B02A73108900292EA3 /* Build configuration list for PBXNativeTarget "Consulta" */ = {
			isa = XCConfigurationList;
			buildConfigurations = (
				066FB3B12A73108900292EA3 /* Debug */,
				066FB3B22A73108900292EA3 /* Release */,
			);
			defaultConfigurationIsVisible = 0;
			defaultConfigurationName = Release;
		};
/* End XCConfigurationList section */
	};
	rootObject = 066FB3942A73108700292EA3 /* Project object */;
}
