// !$*UTF8*$!
{
	archiveVersion = 1;
	classes = {
	};
	objectVersion = 56;
	objects = {

/* Begin PBXBuildFile section */
		06C9C3022A40D78200862DCB /* AppDelegate.swift in Sources */ = {isa = PBXBuildFile; fileRef = 06C9C3012A40D78200862DCB /* AppDelegate.swift */; };
		06C9C3042A40D78200862DCB /* SceneDelegate.swift in Sources */ = {isa = PBXBuildFile; fileRef = 06C9C3032A40D78200862DCB /* SceneDelegate.swift */; };
		06C9C3062A40D78200862DCB /* ViewController.swift in Sources */ = {isa = PBXBuildFile; fileRef = 06C9C3052A40D78200862DCB /* ViewController.swift */; };
		06C9C3092A40D78200862DCB /* Main.storyboard in Resources */ = {isa = PBXBuildFile; fileRef = 06C9C3072A40D78200862DCB /* Main.storyboard */; };
		06C9C30B2A40D78300862DCB /* Assets.xcassets in Resources */ = {isa = PBXBuildFile; fileRef = 06C9C30A2A40D78300862DCB /* Assets.xcassets */; };
		06C9C30E2A40D78300862DCB /* LaunchScreen.storyboard in Resources */ = {isa = PBXBuildFile; fileRef = 06C9C30C2A40D78300862DCB /* LaunchScreen.storyboard */; };
		06C9C3192A40D78300862DCB /* lendoTests.swift in Sources */ = {isa = PBXBuildFile; fileRef = 06C9C3182A40D78300862DCB /* lendoTests.swift */; };
		06C9C3232A40D78300862DCB /* lendoUITests.swift in Sources */ = {isa = PBXBuildFile; fileRef = 06C9C3222A40D78300862DCB /* lendoUITests.swift */; };
		06C9C3252A40D78300862DCB /* lendoUITestsLaunchTests.swift in Sources */ = {isa = PBXBuildFile; fileRef = 06C9C3242A40D78300862DCB /* lendoUITestsLaunchTests.swift */; };
/* End PBXBuildFile section */

/* Begin PBXContainerItemProxy section */
		06C9C3152A40D78300862DCB /* PBXContainerItemProxy */ = {
			isa = PBXContainerItemProxy;
			containerPortal = 06C9C2F62A40D78200862DCB /* Project object */;
			proxyType = 1;
			remoteGlobalIDString = 06C9C2FD2A40D78200862DCB;
			remoteInfo = lendo;
		};
		06C9C31F2A40D78300862DCB /* PBXContainerItemProxy */ = {
			isa = PBXContainerItemProxy;
			containerPortal = 06C9C2F62A40D78200862DCB /* Project object */;
			proxyType = 1;
			remoteGlobalIDString = 06C9C2FD2A40D78200862DCB;
			remoteInfo = lendo;
		};
/* End PBXContainerItemProxy section */

/* Begin PBXFileReference section */
		06C9C2FE2A40D78200862DCB /* lendo.app */ = {isa = PBXFileReference; explicitFileType = wrapper.application; includeInIndex = 0; path = lendo.app; sourceTree = BUILT_PRODUCTS_DIR; };
		06C9C3012A40D78200862DCB /* AppDelegate.swift */ = {isa = PBXFileReference; lastKnownFileType = sourcecode.swift; path = AppDelegate.swift; sourceTree = "<group>"; };
		06C9C3032A40D78200862DCB /* SceneDelegate.swift */ = {isa = PBXFileReference; lastKnownFileType = sourcecode.swift; path = SceneDelegate.swift; sourceTree = "<group>"; };
		06C9C3052A40D78200862DCB /* ViewController.swift */ = {isa = PBXFileReference; lastKnownFileType = sourcecode.swift; path = ViewController.swift; sourceTree = "<group>"; };
		06C9C3082A40D78200862DCB /* Base */ = {isa = PBXFileReference; lastKnownFileType = file.storyboard; name = Base; path = Base.lproj/Main.storyboard; sourceTree = "<group>"; };
		06C9C30A2A40D78300862DCB /* Assets.xcassets */ = {isa = PBXFileReference; lastKnownFileType = folder.assetcatalog; path = Assets.xcassets; sourceTree = "<group>"; };
		06C9C30D2A40D78300862DCB /* Base */ = {isa = PBXFileReference; lastKnownFileType = file.storyboard; name = Base; path = Base.lproj/LaunchScreen.storyboard; sourceTree = "<group>"; };
		06C9C30F2A40D78300862DCB /* Info.plist */ = {isa = PBXFileReference; lastKnownFileType = text.plist.xml; path = Info.plist; sourceTree = "<group>"; };
		06C9C3142A40D78300862DCB /* lendoTests.xctest */ = {isa = PBXFileReference; explicitFileType = wrapper.cfbundle; includeInIndex = 0; path = lendoTests.xctest; sourceTree = BUILT_PRODUCTS_DIR; };
		06C9C3182A40D78300862DCB /* lendoTests.swift */ = {isa = PBXFileReference; lastKnownFileType = sourcecode.swift; path = lendoTests.swift; sourceTree = "<group>"; };
		06C9C31E2A40D78300862DCB /* lendoUITests.xctest */ = {isa = PBXFileReference; explicitFileType = wrapper.cfbundle; includeInIndex = 0; path = lendoUITests.xctest; sourceTree = BUILT_PRODUCTS_DIR; };
		06C9C3222A40D78300862DCB /* lendoUITests.swift */ = {isa = PBXFileReference; lastKnownFileType = sourcecode.swift; path = lendoUITests.swift; sourceTree = "<group>"; };
		06C9C3242A40D78300862DCB /* lendoUITestsLaunchTests.swift */ = {isa = PBXFileReference; lastKnownFileType = sourcecode.swift; path = lendoUITestsLaunchTests.swift; sourceTree = "<group>"; };
/* End PBXFileReference section */

/* Begin PBXFrameworksBuildPhase section */
		06C9C2FB2A40D78200862DCB /* Frameworks */ = {
			isa = PBXFrameworksBuildPhase;
			buildActionMask = 2147483647;
			files = (
			);
			runOnlyForDeploymentPostprocessing = 0;
		};
		06C9C3112A40D78300862DCB /* Frameworks */ = {
			isa = PBXFrameworksBuildPhase;
			buildActionMask = 2147483647;
			files = (
			);
			runOnlyForDeploymentPostprocessing = 0;
		};
		06C9C31B2A40D78300862DCB /* Frameworks */ = {
			isa = PBXFrameworksBuildPhase;
			buildActionMask = 2147483647;
			files = (
			);
			runOnlyForDeploymentPostprocessing = 0;
		};
/* End PBXFrameworksBuildPhase section */

/* Begin PBXGroup section */
		06C9C2F52A40D78200862DCB = {
			isa = PBXGroup;
			children = (
				06C9C3002A40D78200862DCB /* lendo */,
				06C9C3172A40D78300862DCB /* lendoTests */,
				06C9C3212A40D78300862DCB /* lendoUITests */,
				06C9C2FF2A40D78200862DCB /* Products */,
			);
			sourceTree = "<group>";
		};
		06C9C2FF2A40D78200862DCB /* Products */ = {
			isa = PBXGroup;
			children = (
				06C9C2FE2A40D78200862DCB /* lendo.app */,
				06C9C3142A40D78300862DCB /* lendoTests.xctest */,
				06C9C31E2A40D78300862DCB /* lendoUITests.xctest */,
			);
			name = Products;
			sourceTree = "<group>";
		};
		06C9C3002A40D78200862DCB /* lendo */ = {
			isa = PBXGroup;
			children = (
				06C9C3012A40D78200862DCB /* AppDelegate.swift */,
				06C9C3032A40D78200862DCB /* SceneDelegate.swift */,
				06C9C3052A40D78200862DCB /* ViewController.swift */,
				06C9C3072A40D78200862DCB /* Main.storyboard */,
				06C9C30A2A40D78300862DCB /* Assets.xcassets */,
				06C9C30C2A40D78300862DCB /* LaunchScreen.storyboard */,
				06C9C30F2A40D78300862DCB /* Info.plist */,
			);
			path = lendo;
			sourceTree = "<group>";
		};
		06C9C3172A40D78300862DCB /* lendoTests */ = {
			isa = PBXGroup;
			children = (
				06C9C3182A40D78300862DCB /* lendoTests.swift */,
			);
			path = lendoTests;
			sourceTree = "<group>";
		};
		06C9C3212A40D78300862DCB /* lendoUITests */ = {
			isa = PBXGroup;
			children = (
				06C9C3222A40D78300862DCB /* lendoUITests.swift */,
				06C9C3242A40D78300862DCB /* lendoUITestsLaunchTests.swift */,
			);
			path = lendoUITests;
			sourceTree = "<group>";
		};
/* End PBXGroup section */

/* Begin PBXNativeTarget section */
		06C9C2FD2A40D78200862DCB /* lendo */ = {
			isa = PBXNativeTarget;
			buildConfigurationList = 06C9C3282A40D78300862DCB /* Build configuration list for PBXNativeTarget "lendo" */;
			buildPhases = (
				06C9C2FA2A40D78200862DCB /* Sources */,
				06C9C2FB2A40D78200862DCB /* Frameworks */,
				06C9C2FC2A40D78200862DCB /* Resources */,
			);
			buildRules = (
			);
			dependencies = (
			);
			name = lendo;
			productName = lendo;
			productReference = 06C9C2FE2A40D78200862DCB /* lendo.app */;
			productType = "com.apple.product-type.application";
		};
		06C9C3132A40D78300862DCB /* lendoTests */ = {
			isa = PBXNativeTarget;
			buildConfigurationList = 06C9C32B2A40D78300862DCB /* Build configuration list for PBXNativeTarget "lendoTests" */;
			buildPhases = (
				06C9C3102A40D78300862DCB /* Sources */,
				06C9C3112A40D78300862DCB /* Frameworks */,
				06C9C3122A40D78300862DCB /* Resources */,
			);
			buildRules = (
			);
			dependencies = (
				06C9C3162A40D78300862DCB /* PBXTargetDependency */,
			);
			name = lendoTests;
			productName = lendoTests;
			productReference = 06C9C3142A40D78300862DCB /* lendoTests.xctest */;
			productType = "com.apple.product-type.bundle.unit-test";
		};
		06C9C31D2A40D78300862DCB /* lendoUITests */ = {
			isa = PBXNativeTarget;
			buildConfigurationList = 06C9C32E2A40D78300862DCB /* Build configuration list for PBXNativeTarget "lendoUITests" */;
			buildPhases = (
				06C9C31A2A40D78300862DCB /* Sources */,
				06C9C31B2A40D78300862DCB /* Frameworks */,
				06C9C31C2A40D78300862DCB /* Resources */,
			);
			buildRules = (
			);
			dependencies = (
				06C9C3202A40D78300862DCB /* PBXTargetDependency */,
			);
			name = lendoUITests;
			productName = lendoUITests;
			productReference = 06C9C31E2A40D78300862DCB /* lendoUITests.xctest */;
			productType = "com.apple.product-type.bundle.ui-testing";
		};
/* End PBXNativeTarget section */

/* Begin PBXProject section */
		06C9C2F62A40D78200862DCB /* Project object */ = {
			isa = PBXProject;
			attributes = {
				BuildIndependentTargetsInParallel = 1;
				LastSwiftUpdateCheck = 1430;
				LastUpgradeCheck = 1430;
				TargetAttributes = {
					06C9C2FD2A40D78200862DCB = {
						CreatedOnToolsVersion = 14.3.1;
					};
					06C9C3132A40D78300862DCB = {
						CreatedOnToolsVersion = 14.3.1;
						TestTargetID = 06C9C2FD2A40D78200862DCB;
					};
					06C9C31D2A40D78300862DCB = {
						CreatedOnToolsVersion = 14.3.1;
						TestTargetID = 06C9C2FD2A40D78200862DCB;
					};
				};
			};
			buildConfigurationList = 06C9C2F92A40D78200862DCB /* Build configuration list for PBXProject "lendo" */;
			compatibilityVersion = "Xcode 14.0";
			developmentRegion = en;
			hasScannedForEncodings = 0;
			knownRegions = (
				en,
				Base,
			);
			mainGroup = 06C9C2F52A40D78200862DCB;
			productRefGroup = 06C9C2FF2A40D78200862DCB /* Products */;
			projectDirPath = "";
			projectRoot = "";
			targets = (
				06C9C2FD2A40D78200862DCB /* lendo */,
				06C9C3132A40D78300862DCB /* lendoTests */,
				06C9C31D2A40D78300862DCB /* lendoUITests */,
			);
		};
/* End PBXProject section */

/* Begin PBXResourcesBuildPhase section */
		06C9C2FC2A40D78200862DCB /* Resources */ = {
			isa = PBXResourcesBuildPhase;
			buildActionMask = 2147483647;
			files = (
				06C9C30E2A40D78300862DCB /* LaunchScreen.storyboard in Resources */,
				06C9C30B2A40D78300862DCB /* Assets.xcassets in Resources */,
				06C9C3092A40D78200862DCB /* Main.storyboard in Resources */,
			);
			runOnlyForDeploymentPostprocessing = 0;
		};
		06C9C3122A40D78300862DCB /* Resources */ = {
			isa = PBXResourcesBuildPhase;
			buildActionMask = 2147483647;
			files = (
			);
			runOnlyForDeploymentPostprocessing = 0;
		};
		06C9C31C2A40D78300862DCB /* Resources */ = {
			isa = PBXResourcesBuildPhase;
			buildActionMask = 2147483647;
			files = (
			);
			runOnlyForDeploymentPostprocessing = 0;
		};
/* End PBXResourcesBuildPhase section */

/* Begin PBXSourcesBuildPhase section */
		06C9C2FA2A40D78200862DCB /* Sources */ = {
			isa = PBXSourcesBuildPhase;
			buildActionMask = 2147483647;
			files = (
				06C9C3062A40D78200862DCB /* ViewController.swift in Sources */,
				06C9C3022A40D78200862DCB /* AppDelegate.swift in Sources */,
				06C9C3042A40D78200862DCB /* SceneDelegate.swift in Sources */,
			);
			runOnlyForDeploymentPostprocessing = 0;
		};
		06C9C3102A40D78300862DCB /* Sources */ = {
			isa = PBXSourcesBuildPhase;
			buildActionMask = 2147483647;
			files = (
				06C9C3192A40D78300862DCB /* lendoTests.swift in Sources */,
			);
			runOnlyForDeploymentPostprocessing = 0;
		};
		06C9C31A2A40D78300862DCB /* Sources */ = {
			isa = PBXSourcesBuildPhase;
			buildActionMask = 2147483647;
			files = (
				06C9C3232A40D78300862DCB /* lendoUITests.swift in Sources */,
				06C9C3252A40D78300862DCB /* lendoUITestsLaunchTests.swift in Sources */,
			);
			runOnlyForDeploymentPostprocessing = 0;
		};
/* End PBXSourcesBuildPhase section */

/* Begin PBXTargetDependency section */
		06C9C3162A40D78300862DCB /* PBXTargetDependency */ = {
			isa = PBXTargetDependency;
			target = 06C9C2FD2A40D78200862DCB /* lendo */;
			targetProxy = 06C9C3152A40D78300862DCB /* PBXContainerItemProxy */;
		};
		06C9C3202A40D78300862DCB /* PBXTargetDependency */ = {
			isa = PBXTargetDependency;
			target = 06C9C2FD2A40D78200862DCB /* lendo */;
			targetProxy = 06C9C31F2A40D78300862DCB /* PBXContainerItemProxy */;
		};
/* End PBXTargetDependency section */

/* Begin PBXVariantGroup section */
		06C9C3072A40D78200862DCB /* Main.storyboard */ = {
			isa = PBXVariantGroup;
			children = (
				06C9C3082A40D78200862DCB /* Base */,
			);
			name = Main.storyboard;
			sourceTree = "<group>";
		};
		06C9C30C2A40D78300862DCB /* LaunchScreen.storyboard */ = {
			isa = PBXVariantGroup;
			children = (
				06C9C30D2A40D78300862DCB /* Base */,
			);
			name = LaunchScreen.storyboard;
			sourceTree = "<group>";
		};
/* End PBXVariantGroup section */

/* Begin XCBuildConfiguration section */
		06C9C3262A40D78300862DCB /* Debug */ = {
			isa = XCBuildConfiguration;
			buildSettings = {
				ALWAYS_SEARCH_USER_PATHS = NO;
				CLANG_ANALYZER_NONNULL = YES;
				CLANG_ANALYZER_NUMBER_OBJECT_CONVERSION = YES_AGGRESSIVE;
				CLANG_CXX_LANGUAGE_STANDARD = "gnu++20";
				CLANG_ENABLE_MODULES = YES;
				CLANG_ENABLE_OBJC_ARC = YES;
				CLANG_ENABLE_OBJC_WEAK = YES;
				CLANG_WARN_BLOCK_CAPTURE_AUTORELEASING = YES;
				CLANG_WARN_BOOL_CONVERSION = YES;
				CLANG_WARN_COMMA = YES;
				CLANG_WARN_CONSTANT_CONVERSION = YES;
				CLANG_WARN_DEPRECATED_OBJC_IMPLEMENTATIONS = YES;
				CLANG_WARN_DIRECT_OBJC_ISA_USAGE = YES_ERROR;
				CLANG_WARN_DOCUMENTATION_COMMENTS = YES;
				CLANG_WARN_EMPTY_BODY = YES;
				CLANG_WARN_ENUM_CONVERSION = YES;
				CLANG_WARN_INFINITE_RECURSION = YES;
				CLANG_WARN_INT_CONVERSION = YES;
				CLANG_WARN_NON_LITERAL_NULL_CONVERSION = YES;
				CLANG_WARN_OBJC_IMPLICIT_RETAIN_SELF = YES;
				CLANG_WARN_OBJC_LITERAL_CONVERSION = YES;
				CLANG_WARN_OBJC_ROOT_CLASS = YES_ERROR;
				CLANG_WARN_QUOTED_INCLUDE_IN_FRAMEWORK_HEADER = YES;
				CLANG_WARN_RANGE_LOOP_ANALYSIS = YES;
				CLANG_WARN_STRICT_PROTOTYPES = YES;
				CLANG_WARN_SUSPICIOUS_MOVE = YES;
				CLANG_WARN_UNGUARDED_AVAILABILITY = YES_AGGRESSIVE;
				CLANG_WARN_UNREACHABLE_CODE = YES;
				CLANG_WARN__DUPLICATE_METHOD_MATCH = YES;
				COPY_PHASE_STRIP = NO;
				DEBUG_INFORMATION_FORMAT = dwarf;
				ENABLE_STRICT_OBJC_MSGSEND = YES;
				ENABLE_TESTABILITY = YES;
				GCC_C_LANGUAGE_STANDARD = gnu11;
				GCC_DYNAMIC_NO_PIC = NO;
				GCC_NO_COMMON_BLOCKS = YES;
				GCC_OPTIMIZATION_LEVEL = 0;
				GCC_PREPROCESSOR_DEFINITIONS = (
					"DEBUG=1",
					"$(inherited)",
				);
				GCC_WARN_64_TO_32_BIT_CONVERSION = YES;
				GCC_WARN_ABOUT_RETURN_TYPE = YES_ERROR;
				GCC_WARN_UNDECLARED_SELECTOR = YES;
				GCC_WARN_UNINITIALIZED_AUTOS = YES_AGGRESSIVE;
				GCC_WARN_UNUSED_FUNCTION = YES;
				GCC_WARN_UNUSED_VARIABLE = YES;
				IPHONEOS_DEPLOYMENT_TARGET = 16.4;
				MTL_ENABLE_DEBUG_INFO = INCLUDE_SOURCE;
				MTL_FAST_MATH = YES;
				ONLY_ACTIVE_ARCH = YES;
				SDKROOT = iphoneos;
				SWIFT_ACTIVE_COMPILATION_CONDITIONS = DEBUG;
				SWIFT_OPTIMIZATION_LEVEL = "-Onone";
			};
			name = Debug;
		};
		06C9C3272A40D78300862DCB /* Release */ = {
			isa = XCBuildConfiguration;
			buildSettings = {
				ALWAYS_SEARCH_USER_PATHS = NO;
				CLANG_ANALYZER_NONNULL = YES;
				CLANG_ANALYZER_NUMBER_OBJECT_CONVERSION = YES_AGGRESSIVE;
				CLANG_CXX_LANGUAGE_STANDARD = "gnu++20";
				CLANG_ENABLE_MODULES = YES;
				CLANG_ENABLE_OBJC_ARC = YES;
				CLANG_ENABLE_OBJC_WEAK = YES;
				CLANG_WARN_BLOCK_CAPTURE_AUTORELEASING = YES;
				CLANG_WARN_BOOL_CONVERSION = YES;
				CLANG_WARN_COMMA = YES;
				CLANG_WARN_CONSTANT_CONVERSION = YES;
				CLANG_WARN_DEPRECATED_OBJC_IMPLEMENTATIONS = YES;
				CLANG_WARN_DIRECT_OBJC_ISA_USAGE = YES_ERROR;
				CLANG_WARN_DOCUMENTATION_COMMENTS = YES;
				CLANG_WARN_EMPTY_BODY = YES;
				CLANG_WARN_ENUM_CONVERSION = YES;
				CLANG_WARN_INFINITE_RECURSION = YES;
				CLANG_WARN_INT_CONVERSION = YES;
				CLANG_WARN_NON_LITERAL_NULL_CONVERSION = YES;
				CLANG_WARN_OBJC_IMPLICIT_RETAIN_SELF = YES;
				CLANG_WARN_OBJC_LITERAL_CONVERSION = YES;
				CLANG_WARN_OBJC_ROOT_CLASS = YES_ERROR;
				CLANG_WARN_QUOTED_INCLUDE_IN_FRAMEWORK_HEADER = YES;
				CLANG_WARN_RANGE_LOOP_ANALYSIS = YES;
				CLANG_WARN_STRICT_PROTOTYPES = YES;
				CLANG_WARN_SUSPICIOUS_MOVE = YES;
				CLANG_WARN_UNGUARDED_AVAILABILITY = YES_AGGRESSIVE;
				CLANG_WARN_UNREACHABLE_CODE = YES;
				CLANG_WARN__DUPLICATE_METHOD_MATCH = YES;
				COPY_PHASE_STRIP = NO;
				DEBUG_INFORMATION_FORMAT = "dwarf-with-dsym";
				ENABLE_NS_ASSERTIONS = NO;
				ENABLE_STRICT_OBJC_MSGSEND = YES;
				GCC_C_LANGUAGE_STANDARD = gnu11;
				GCC_NO_COMMON_BLOCKS = YES;
				GCC_WARN_64_TO_32_BIT_CONVERSION = YES;
				GCC_WARN_ABOUT_RETURN_TYPE = YES_ERROR;
				GCC_WARN_UNDECLARED_SELECTOR = YES;
				GCC_WARN_UNINITIALIZED_AUTOS = YES_AGGRESSIVE;
				GCC_WARN_UNUSED_FUNCTION = YES;
				GCC_WARN_UNUSED_VARIABLE = YES;
				IPHONEOS_DEPLOYMENT_TARGET = 16.4;
				MTL_ENABLE_DEBUG_INFO = NO;
				MTL_FAST_MATH = YES;
				SDKROOT = iphoneos;
				SWIFT_COMPILATION_MODE = wholemodule;
				SWIFT_OPTIMIZATION_LEVEL = "-O";
				VALIDATE_PRODUCT = YES;
			};
			name = Release;
		};
		06C9C3292A40D78300862DCB /* Debug */ = {
			isa = XCBuildConfiguration;
			buildSettings = {
				ASSETCATALOG_COMPILER_APPICON_NAME = AppIcon;
				ASSETCATALOG_COMPILER_GLOBAL_ACCENT_COLOR_NAME = AccentColor;
				CODE_SIGN_STYLE = Automatic;
				CURRENT_PROJECT_VERSION = 1;
				DEVELOPMENT_TEAM = 2RK2L8FPJ2;
				GENERATE_INFOPLIST_FILE = YES;
				INFOPLIST_FILE = lendo/Info.plist;
				INFOPLIST_KEY_UIApplicationSupportsIndirectInputEvents = YES;
				INFOPLIST_KEY_UILaunchStoryboardName = LaunchScreen;
				INFOPLIST_KEY_UIMainStoryboardFile = Main;
				INFOPLIST_KEY_UISupportedInterfaceOrientations_iPad = "UIInterfaceOrientationPortrait UIInterfaceOrientationPortraitUpsideDown UIInterfaceOrientationLandscapeLeft UIInterfaceOrientationLandscapeRight";
				INFOPLIST_KEY_UISupportedInterfaceOrientations_iPhone = "UIInterfaceOrientationPortrait UIInterfaceOrientationLandscapeLeft UIInterfaceOrientationLandscapeRight";
				LD_RUNPATH_SEARCH_PATHS = (
					"$(inherited)",
					"@executable_path/Frameworks",
				);
				MARKETING_VERSION = 1.0;
				PRODUCT_BUNDLE_IDENTIFIER = co.gustavobergamo.lendo;
				PRODUCT_NAME = "$(TARGET_NAME)";
				SWIFT_EMIT_LOC_STRINGS = YES;
				SWIFT_VERSION = 5.0;
				TARGETED_DEVICE_FAMILY = "1,2";
			};
			name = Debug;
		};
		06C9C32A2A40D78300862DCB /* Release */ = {
			isa = XCBuildConfiguration;
			buildSettings = {
				ASSETCATALOG_COMPILER_APPICON_NAME = AppIcon;
				ASSETCATALOG_COMPILER_GLOBAL_ACCENT_COLOR_NAME = AccentColor;
				CODE_SIGN_STYLE = Automatic;
				CURRENT_PROJECT_VERSION = 1;
				DEVELOPMENT_TEAM = 2RK2L8FPJ2;
				GENERATE_INFOPLIST_FILE = YES;
				INFOPLIST_FILE = lendo/Info.plist;
				INFOPLIST_KEY_UIApplicationSupportsIndirectInputEvents = YES;
				INFOPLIST_KEY_UILaunchStoryboardName = LaunchScreen;
				INFOPLIST_KEY_UIMainStoryboardFile = Main;
				INFOPLIST_KEY_UISupportedInterfaceOrientations_iPad = "UIInterfaceOrientationPortrait UIInterfaceOrientationPortraitUpsideDown UIInterfaceOrientationLandscapeLeft UIInterfaceOrientationLandscapeRight";
				INFOPLIST_KEY_UISupportedInterfaceOrientations_iPhone = "UIInterfaceOrientationPortrait UIInterfaceOrientationLandscapeLeft UIInterfaceOrientationLandscapeRight";
				LD_RUNPATH_SEARCH_PATHS = (
					"$(inherited)",
					"@executable_path/Frameworks",
				);
				MARKETING_VERSION = 1.0;
				PRODUCT_BUNDLE_IDENTIFIER = co.gustavobergamo.lendo;
				PRODUCT_NAME = "$(TARGET_NAME)";
				SWIFT_EMIT_LOC_STRINGS = YES;
				SWIFT_VERSION = 5.0;
				TARGETED_DEVICE_FAMILY = "1,2";
			};
			name = Release;
		};
		06C9C32C2A40D78300862DCB /* Debug */ = {
			isa = XCBuildConfiguration;
			buildSettings = {
				ALWAYS_EMBED_SWIFT_STANDARD_LIBRARIES = YES;
				BUNDLE_LOADER = "$(TEST_HOST)";
				CODE_SIGN_STYLE = Automatic;
				CURRENT_PROJECT_VERSION = 1;
				DEVELOPMENT_TEAM = 2RK2L8FPJ2;
				GENERATE_INFOPLIST_FILE = YES;
				IPHONEOS_DEPLOYMENT_TARGET = 16.4;
				MARKETING_VERSION = 1.0;
				PRODUCT_BUNDLE_IDENTIFIER = co.gustavobergamo.lendoTests;
				PRODUCT_NAME = "$(TARGET_NAME)";
				SWIFT_EMIT_LOC_STRINGS = NO;
				SWIFT_VERSION = 5.0;
				TARGETED_DEVICE_FAMILY = "1,2";
				TEST_HOST = "$(BUILT_PRODUCTS_DIR)/lendo.app/$(BUNDLE_EXECUTABLE_FOLDER_PATH)/lendo";
			};
			name = Debug;
		};
		06C9C32D2A40D78300862DCB /* Release */ = {
			isa = XCBuildConfiguration;
			buildSettings = {
				ALWAYS_EMBED_SWIFT_STANDARD_LIBRARIES = YES;
				BUNDLE_LOADER = "$(TEST_HOST)";
				CODE_SIGN_STYLE = Automatic;
				CURRENT_PROJECT_VERSION = 1;
				DEVELOPMENT_TEAM = 2RK2L8FPJ2;
				GENERATE_INFOPLIST_FILE = YES;
				IPHONEOS_DEPLOYMENT_TARGET = 16.4;
				MARKETING_VERSION = 1.0;
				PRODUCT_BUNDLE_IDENTIFIER = co.gustavobergamo.lendoTests;
				PRODUCT_NAME = "$(TARGET_NAME)";
				SWIFT_EMIT_LOC_STRINGS = NO;
				SWIFT_VERSION = 5.0;
				TARGETED_DEVICE_FAMILY = "1,2";
				TEST_HOST = "$(BUILT_PRODUCTS_DIR)/lendo.app/$(BUNDLE_EXECUTABLE_FOLDER_PATH)/lendo";
			};
			name = Release;
		};
		06C9C32F2A40D78300862DCB /* Debug */ = {
			isa = XCBuildConfiguration;
			buildSettings = {
				ALWAYS_EMBED_SWIFT_STANDARD_LIBRARIES = YES;
				CODE_SIGN_STYLE = Automatic;
				CURRENT_PROJECT_VERSION = 1;
				DEVELOPMENT_TEAM = 2RK2L8FPJ2;
				GENERATE_INFOPLIST_FILE = YES;
				MARKETING_VERSION = 1.0;
				PRODUCT_BUNDLE_IDENTIFIER = co.gustavobergamo.lendoUITests;
				PRODUCT_NAME = "$(TARGET_NAME)";
				SWIFT_EMIT_LOC_STRINGS = NO;
				SWIFT_VERSION = 5.0;
				TARGETED_DEVICE_FAMILY = "1,2";
				TEST_TARGET_NAME = lendo;
			};
			name = Debug;
		};
		06C9C3302A40D78300862DCB /* Release */ = {
			isa = XCBuildConfiguration;
			buildSettings = {
				ALWAYS_EMBED_SWIFT_STANDARD_LIBRARIES = YES;
				CODE_SIGN_STYLE = Automatic;
				CURRENT_PROJECT_VERSION = 1;
				DEVELOPMENT_TEAM = 2RK2L8FPJ2;
				GENERATE_INFOPLIST_FILE = YES;
				MARKETING_VERSION = 1.0;
				PRODUCT_BUNDLE_IDENTIFIER = co.gustavobergamo.lendoUITests;
				PRODUCT_NAME = "$(TARGET_NAME)";
				SWIFT_EMIT_LOC_STRINGS = NO;
				SWIFT_VERSION = 5.0;
				TARGETED_DEVICE_FAMILY = "1,2";
				TEST_TARGET_NAME = lendo;
			};
			name = Release;
		};
/* End XCBuildConfiguration section */

/* Begin XCConfigurationList section */
		06C9C2F92A40D78200862DCB /* Build configuration list for PBXProject "lendo" */ = {
			isa = XCConfigurationList;
			buildConfigurations = (
				06C9C3262A40D78300862DCB /* Debug */,
				06C9C3272A40D78300862DCB /* Release */,
			);
			defaultConfigurationIsVisible = 0;
			defaultConfigurationName = Release;
		};
		06C9C3282A40D78300862DCB /* Build configuration list for PBXNativeTarget "lendo" */ = {
			isa = XCConfigurationList;
			buildConfigurations = (
				06C9C3292A40D78300862DCB /* Debug */,
				06C9C32A2A40D78300862DCB /* Release */,
			);
			defaultConfigurationIsVisible = 0;
			defaultConfigurationName = Release;
		};
		06C9C32B2A40D78300862DCB /* Build configuration list for PBXNativeTarget "lendoTests" */ = {
			isa = XCConfigurationList;
			buildConfigurations = (
				06C9C32C2A40D78300862DCB /* Debug */,
				06C9C32D2A40D78300862DCB /* Release */,
			);
			defaultConfigurationIsVisible = 0;
			defaultConfigurationName = Release;
		};
		06C9C32E2A40D78300862DCB /* Build configuration list for PBXNativeTarget "lendoUITests" */ = {
			isa = XCConfigurationList;
			buildConfigurations = (
				06C9C32F2A40D78300862DCB /* Debug */,
				06C9C3302A40D78300862DCB /* Release */,
			);
			defaultConfigurationIsVisible = 0;
			defaultConfigurationName = Release;
		};
/* End XCConfigurationList section */
	};
	rootObject = 06C9C2F62A40D78200862DCB /* Project object */;
}
