// !$*UTF8*$!
{
	archiveVersion = 1;
	classes = {
	};
	objectVersion = 56;
	objects = {

/* Begin PBXBuildFile section */
		06224DC92A2A8E5C000B8AED /* AnunciosApp.swift in Sources */ = {isa = PBXBuildFile; fileRef = 06224DC82A2A8E5C000B8AED /* AnunciosApp.swift */; };
		06224DCB2A2A8E5C000B8AED /* ContentView.swift in Sources */ = {isa = PBXBuildFile; fileRef = 06224DCA2A2A8E5C000B8AED /* ContentView.swift */; };
		06224DCD2A2A8E5D000B8AED /* Assets.xcassets in Resources */ = {isa = PBXBuildFile; fileRef = 06224DCC2A2A8E5D000B8AED /* Assets.xcassets */; };
		06224DD02A2A8E5D000B8AED /* Preview Assets.xcassets in Resources */ = {isa = PBXBuildFile; fileRef = 06224DCF2A2A8E5D000B8AED /* Preview Assets.xcassets */; };
		06224DDA2A2A8E5D000B8AED /* AnunciosTests.swift in Sources */ = {isa = PBXBuildFile; fileRef = 06224DD92A2A8E5D000B8AED /* AnunciosTests.swift */; };
		06224DE42A2A8E5D000B8AED /* AnunciosUITests.swift in Sources */ = {isa = PBXBuildFile; fileRef = 06224DE32A2A8E5D000B8AED /* AnunciosUITests.swift */; };
		06224DE62A2A8E5D000B8AED /* AnunciosUITestsLaunchTests.swift in Sources */ = {isa = PBXBuildFile; fileRef = 06224DE52A2A8E5D000B8AED /* AnunciosUITestsLaunchTests.swift */; };
/* End PBXBuildFile section */

/* Begin PBXContainerItemProxy section */
		06224DD62A2A8E5D000B8AED /* PBXContainerItemProxy */ = {
			isa = PBXContainerItemProxy;
			containerPortal = 06224DBD2A2A8E5C000B8AED /* Project object */;
			proxyType = 1;
			remoteGlobalIDString = 06224DC42A2A8E5C000B8AED;
			remoteInfo = Anuncios;
		};
		06224DE02A2A8E5D000B8AED /* PBXContainerItemProxy */ = {
			isa = PBXContainerItemProxy;
			containerPortal = 06224DBD2A2A8E5C000B8AED /* Project object */;
			proxyType = 1;
			remoteGlobalIDString = 06224DC42A2A8E5C000B8AED;
			remoteInfo = Anuncios;
		};
/* End PBXContainerItemProxy section */

/* Begin PBXFileReference section */
		06224DC52A2A8E5C000B8AED /* Anuncios.app */ = {isa = PBXFileReference; explicitFileType = wrapper.application; includeInIndex = 0; path = Anuncios.app; sourceTree = BUILT_PRODUCTS_DIR; };
		06224DC82A2A8E5C000B8AED /* AnunciosApp.swift */ = {isa = PBXFileReference; lastKnownFileType = sourcecode.swift; path = AnunciosApp.swift; sourceTree = "<group>"; };
		06224DCA2A2A8E5C000B8AED /* ContentView.swift */ = {isa = PBXFileReference; lastKnownFileType = sourcecode.swift; path = ContentView.swift; sourceTree = "<group>"; };
		06224DCC2A2A8E5D000B8AED /* Assets.xcassets */ = {isa = PBXFileReference; lastKnownFileType = folder.assetcatalog; path = Assets.xcassets; sourceTree = "<group>"; };
		06224DCF2A2A8E5D000B8AED /* Preview Assets.xcassets */ = {isa = PBXFileReference; lastKnownFileType = folder.assetcatalog; path = "Preview Assets.xcassets"; sourceTree = "<group>"; };
		06224DD52A2A8E5D000B8AED /* AnunciosTests.xctest */ = {isa = PBXFileReference; explicitFileType = wrapper.cfbundle; includeInIndex = 0; path = AnunciosTests.xctest; sourceTree = BUILT_PRODUCTS_DIR; };
		06224DD92A2A8E5D000B8AED /* AnunciosTests.swift */ = {isa = PBXFileReference; lastKnownFileType = sourcecode.swift; path = AnunciosTests.swift; sourceTree = "<group>"; };
		06224DDF2A2A8E5D000B8AED /* AnunciosUITests.xctest */ = {isa = PBXFileReference; explicitFileType = wrapper.cfbundle; includeInIndex = 0; path = AnunciosUITests.xctest; sourceTree = BUILT_PRODUCTS_DIR; };
		06224DE32A2A8E5D000B8AED /* AnunciosUITests.swift */ = {isa = PBXFileReference; lastKnownFileType = sourcecode.swift; path = AnunciosUITests.swift; sourceTree = "<group>"; };
		06224DE52A2A8E5D000B8AED /* AnunciosUITestsLaunchTests.swift */ = {isa = PBXFileReference; lastKnownFileType = sourcecode.swift; path = AnunciosUITestsLaunchTests.swift; sourceTree = "<group>"; };
/* End PBXFileReference section */

/* Begin PBXFrameworksBuildPhase section */
		06224DC22A2A8E5C000B8AED /* Frameworks */ = {
			isa = PBXFrameworksBuildPhase;
			buildActionMask = 2147483647;
			files = (
			);
			runOnlyForDeploymentPostprocessing = 0;
		};
		06224DD22A2A8E5D000B8AED /* Frameworks */ = {
			isa = PBXFrameworksBuildPhase;
			buildActionMask = 2147483647;
			files = (
			);
			runOnlyForDeploymentPostprocessing = 0;
		};
		06224DDC2A2A8E5D000B8AED /* Frameworks */ = {
			isa = PBXFrameworksBuildPhase;
			buildActionMask = 2147483647;
			files = (
			);
			runOnlyForDeploymentPostprocessing = 0;
		};
/* End PBXFrameworksBuildPhase section */

/* Begin PBXGroup section */
		06224DBC2A2A8E5C000B8AED = {
			isa = PBXGroup;
			children = (
				06224DC72A2A8E5C000B8AED /* Anuncios */,
				06224DD82A2A8E5D000B8AED /* AnunciosTests */,
				06224DE22A2A8E5D000B8AED /* AnunciosUITests */,
				06224DC62A2A8E5C000B8AED /* Products */,
			);
			sourceTree = "<group>";
		};
		06224DC62A2A8E5C000B8AED /* Products */ = {
			isa = PBXGroup;
			children = (
				06224DC52A2A8E5C000B8AED /* Anuncios.app */,
				06224DD52A2A8E5D000B8AED /* AnunciosTests.xctest */,
				06224DDF2A2A8E5D000B8AED /* AnunciosUITests.xctest */,
			);
			name = Products;
			sourceTree = "<group>";
		};
		06224DC72A2A8E5C000B8AED /* Anuncios */ = {
			isa = PBXGroup;
			children = (
				06224DC82A2A8E5C000B8AED /* AnunciosApp.swift */,
				06224DCA2A2A8E5C000B8AED /* ContentView.swift */,
				06224DCC2A2A8E5D000B8AED /* Assets.xcassets */,
				06224DCE2A2A8E5D000B8AED /* Preview Content */,
			);
			path = Anuncios;
			sourceTree = "<group>";
		};
		06224DCE2A2A8E5D000B8AED /* Preview Content */ = {
			isa = PBXGroup;
			children = (
				06224DCF2A2A8E5D000B8AED /* Preview Assets.xcassets */,
			);
			path = "Preview Content";
			sourceTree = "<group>";
		};
		06224DD82A2A8E5D000B8AED /* AnunciosTests */ = {
			isa = PBXGroup;
			children = (
				06224DD92A2A8E5D000B8AED /* AnunciosTests.swift */,
			);
			path = AnunciosTests;
			sourceTree = "<group>";
		};
		06224DE22A2A8E5D000B8AED /* AnunciosUITests */ = {
			isa = PBXGroup;
			children = (
				06224DE32A2A8E5D000B8AED /* AnunciosUITests.swift */,
				06224DE52A2A8E5D000B8AED /* AnunciosUITestsLaunchTests.swift */,
			);
			path = AnunciosUITests;
			sourceTree = "<group>";
		};
/* End PBXGroup section */

/* Begin PBXNativeTarget section */
		06224DC42A2A8E5C000B8AED /* Anuncios */ = {
			isa = PBXNativeTarget;
			buildConfigurationList = 06224DE92A2A8E5D000B8AED /* Build configuration list for PBXNativeTarget "Anuncios" */;
			buildPhases = (
				06224DC12A2A8E5C000B8AED /* Sources */,
				06224DC22A2A8E5C000B8AED /* Frameworks */,
				06224DC32A2A8E5C000B8AED /* Resources */,
			);
			buildRules = (
			);
			dependencies = (
			);
			name = Anuncios;
			productName = Anuncios;
			productReference = 06224DC52A2A8E5C000B8AED /* Anuncios.app */;
			productType = "com.apple.product-type.application";
		};
		06224DD42A2A8E5D000B8AED /* AnunciosTests */ = {
			isa = PBXNativeTarget;
			buildConfigurationList = 06224DEC2A2A8E5D000B8AED /* Build configuration list for PBXNativeTarget "AnunciosTests" */;
			buildPhases = (
				06224DD12A2A8E5D000B8AED /* Sources */,
				06224DD22A2A8E5D000B8AED /* Frameworks */,
				06224DD32A2A8E5D000B8AED /* Resources */,
			);
			buildRules = (
			);
			dependencies = (
				06224DD72A2A8E5D000B8AED /* PBXTargetDependency */,
			);
			name = AnunciosTests;
			productName = AnunciosTests;
			productReference = 06224DD52A2A8E5D000B8AED /* AnunciosTests.xctest */;
			productType = "com.apple.product-type.bundle.unit-test";
		};
		06224DDE2A2A8E5D000B8AED /* AnunciosUITests */ = {
			isa = PBXNativeTarget;
			buildConfigurationList = 06224DEF2A2A8E5D000B8AED /* Build configuration list for PBXNativeTarget "AnunciosUITests" */;
			buildPhases = (
				06224DDB2A2A8E5D000B8AED /* Sources */,
				06224DDC2A2A8E5D000B8AED /* Frameworks */,
				06224DDD2A2A8E5D000B8AED /* Resources */,
			);
			buildRules = (
			);
			dependencies = (
				06224DE12A2A8E5D000B8AED /* PBXTargetDependency */,
			);
			name = AnunciosUITests;
			productName = AnunciosUITests;
			productReference = 06224DDF2A2A8E5D000B8AED /* AnunciosUITests.xctest */;
			productType = "com.apple.product-type.bundle.ui-testing";
		};
/* End PBXNativeTarget section */

/* Begin PBXProject section */
		06224DBD2A2A8E5C000B8AED /* Project object */ = {
			isa = PBXProject;
			attributes = {
				BuildIndependentTargetsInParallel = 1;
				LastSwiftUpdateCheck = 1430;
				LastUpgradeCheck = 1430;
				TargetAttributes = {
					06224DC42A2A8E5C000B8AED = {
						CreatedOnToolsVersion = 14.3;
					};
					06224DD42A2A8E5D000B8AED = {
						CreatedOnToolsVersion = 14.3;
						TestTargetID = 06224DC42A2A8E5C000B8AED;
					};
					06224DDE2A2A8E5D000B8AED = {
						CreatedOnToolsVersion = 14.3;
						TestTargetID = 06224DC42A2A8E5C000B8AED;
					};
				};
			};
			buildConfigurationList = 06224DC02A2A8E5C000B8AED /* Build configuration list for PBXProject "Anuncios" */;
			compatibilityVersion = "Xcode 14.0";
			developmentRegion = en;
			hasScannedForEncodings = 0;
			knownRegions = (
				en,
				Base,
			);
			mainGroup = 06224DBC2A2A8E5C000B8AED;
			productRefGroup = 06224DC62A2A8E5C000B8AED /* Products */;
			projectDirPath = "";
			projectRoot = "";
			targets = (
				06224DC42A2A8E5C000B8AED /* Anuncios */,
				06224DD42A2A8E5D000B8AED /* AnunciosTests */,
				06224DDE2A2A8E5D000B8AED /* AnunciosUITests */,
			);
		};
/* End PBXProject section */

/* Begin PBXResourcesBuildPhase section */
		06224DC32A2A8E5C000B8AED /* Resources */ = {
			isa = PBXResourcesBuildPhase;
			buildActionMask = 2147483647;
			files = (
				06224DD02A2A8E5D000B8AED /* Preview Assets.xcassets in Resources */,
				06224DCD2A2A8E5D000B8AED /* Assets.xcassets in Resources */,
			);
			runOnlyForDeploymentPostprocessing = 0;
		};
		06224DD32A2A8E5D000B8AED /* Resources */ = {
			isa = PBXResourcesBuildPhase;
			buildActionMask = 2147483647;
			files = (
			);
			runOnlyForDeploymentPostprocessing = 0;
		};
		06224DDD2A2A8E5D000B8AED /* Resources */ = {
			isa = PBXResourcesBuildPhase;
			buildActionMask = 2147483647;
			files = (
			);
			runOnlyForDeploymentPostprocessing = 0;
		};
/* End PBXResourcesBuildPhase section */

/* Begin PBXSourcesBuildPhase section */
		06224DC12A2A8E5C000B8AED /* Sources */ = {
			isa = PBXSourcesBuildPhase;
			buildActionMask = 2147483647;
			files = (
				06224DCB2A2A8E5C000B8AED /* ContentView.swift in Sources */,
				06224DC92A2A8E5C000B8AED /* AnunciosApp.swift in Sources */,
			);
			runOnlyForDeploymentPostprocessing = 0;
		};
		06224DD12A2A8E5D000B8AED /* Sources */ = {
			isa = PBXSourcesBuildPhase;
			buildActionMask = 2147483647;
			files = (
				06224DDA2A2A8E5D000B8AED /* AnunciosTests.swift in Sources */,
			);
			runOnlyForDeploymentPostprocessing = 0;
		};
		06224DDB2A2A8E5D000B8AED /* Sources */ = {
			isa = PBXSourcesBuildPhase;
			buildActionMask = 2147483647;
			files = (
				06224DE62A2A8E5D000B8AED /* AnunciosUITestsLaunchTests.swift in Sources */,
				06224DE42A2A8E5D000B8AED /* AnunciosUITests.swift in Sources */,
			);
			runOnlyForDeploymentPostprocessing = 0;
		};
/* End PBXSourcesBuildPhase section */

/* Begin PBXTargetDependency section */
		06224DD72A2A8E5D000B8AED /* PBXTargetDependency */ = {
			isa = PBXTargetDependency;
			target = 06224DC42A2A8E5C000B8AED /* Anuncios */;
			targetProxy = 06224DD62A2A8E5D000B8AED /* PBXContainerItemProxy */;
		};
		06224DE12A2A8E5D000B8AED /* PBXTargetDependency */ = {
			isa = PBXTargetDependency;
			target = 06224DC42A2A8E5C000B8AED /* Anuncios */;
			targetProxy = 06224DE02A2A8E5D000B8AED /* PBXContainerItemProxy */;
		};
/* End PBXTargetDependency section */

/* Begin XCBuildConfiguration section */
		06224DE72A2A8E5D000B8AED /* Debug */ = {
			isa = XCBuildConfiguration;
			buildSettings = {
				ALWAYS_SEARCH_USER_PATHS = NO;
				CLANG_ANALYZER_NONNULL = YES;
				CLANG_ANALYZER_NUMBER_OBJECT_CONVERSION = YES_AGGRESSIVE;
				CLANG_CXX_LANGUAGE_STANDARD = "gnu++20";
				CLANG_ENABLE_MODULES = YES;
				CLANG_ENABLE_OBJC_ARC = YES;
				CLANG_ENABLE_OBJC_WEAK = YES;
				CLANG_WARN_BLOCK_CAPTURE_AUTORELEASING = YES;
				CLANG_WARN_BOOL_CONVERSION = YES;
				CLANG_WARN_COMMA = YES;
				CLANG_WARN_CONSTANT_CONVERSION = YES;
				CLANG_WARN_DEPRECATED_OBJC_IMPLEMENTATIONS = YES;
				CLANG_WARN_DIRECT_OBJC_ISA_USAGE = YES_ERROR;
				CLANG_WARN_DOCUMENTATION_COMMENTS = YES;
				CLANG_WARN_EMPTY_BODY = YES;
				CLANG_WARN_ENUM_CONVERSION = YES;
				CLANG_WARN_INFINITE_RECURSION = YES;
				CLANG_WARN_INT_CONVERSION = YES;
				CLANG_WARN_NON_LITERAL_NULL_CONVERSION = YES;
				CLANG_WARN_OBJC_IMPLICIT_RETAIN_SELF = YES;
				CLANG_WARN_OBJC_LITERAL_CONVERSION = YES;
				CLANG_WARN_OBJC_ROOT_CLASS = YES_ERROR;
				CLANG_WARN_QUOTED_INCLUDE_IN_FRAMEWORK_HEADER = YES;
				CLANG_WARN_RANGE_LOOP_ANALYSIS = YES;
				CLANG_WARN_STRICT_PROTOTYPES = YES;
				CLANG_WARN_SUSPICIOUS_MOVE = YES;
				CLANG_WARN_UNGUARDED_AVAILABILITY = YES_AGGRESSIVE;
				CLANG_WARN_UNREACHABLE_CODE = YES;
				CLANG_WARN__DUPLICATE_METHOD_MATCH = YES;
				COPY_PHASE_STRIP = NO;
				DEBUG_INFORMATION_FORMAT = dwarf;
				ENABLE_STRICT_OBJC_MSGSEND = YES;
				ENABLE_TESTABILITY = YES;
				GCC_C_LANGUAGE_STANDARD = gnu11;
				GCC_DYNAMIC_NO_PIC = NO;
				GCC_NO_COMMON_BLOCKS = YES;
				GCC_OPTIMIZATION_LEVEL = 0;
				GCC_PREPROCESSOR_DEFINITIONS = (
					"DEBUG=1",
					"$(inherited)",
				);
				GCC_WARN_64_TO_32_BIT_CONVERSION = YES;
				GCC_WARN_ABOUT_RETURN_TYPE = YES_ERROR;
				GCC_WARN_UNDECLARED_SELECTOR = YES;
				GCC_WARN_UNINITIALIZED_AUTOS = YES_AGGRESSIVE;
				GCC_WARN_UNUSED_FUNCTION = YES;
				GCC_WARN_UNUSED_VARIABLE = YES;
				IPHONEOS_DEPLOYMENT_TARGET = 16.4;
				MTL_ENABLE_DEBUG_INFO = INCLUDE_SOURCE;
				MTL_FAST_MATH = YES;
				ONLY_ACTIVE_ARCH = YES;
				SDKROOT = iphoneos;
				SWIFT_ACTIVE_COMPILATION_CONDITIONS = DEBUG;
				SWIFT_OPTIMIZATION_LEVEL = "-Onone";
			};
			name = Debug;
		};
		06224DE82A2A8E5D000B8AED /* Release */ = {
			isa = XCBuildConfiguration;
			buildSettings = {
				ALWAYS_SEARCH_USER_PATHS = NO;
				CLANG_ANALYZER_NONNULL = YES;
				CLANG_ANALYZER_NUMBER_OBJECT_CONVERSION = YES_AGGRESSIVE;
				CLANG_CXX_LANGUAGE_STANDARD = "gnu++20";
				CLANG_ENABLE_MODULES = YES;
				CLANG_ENABLE_OBJC_ARC = YES;
				CLANG_ENABLE_OBJC_WEAK = YES;
				CLANG_WARN_BLOCK_CAPTURE_AUTORELEASING = YES;
				CLANG_WARN_BOOL_CONVERSION = YES;
				CLANG_WARN_COMMA = YES;
				CLANG_WARN_CONSTANT_CONVERSION = YES;
				CLANG_WARN_DEPRECATED_OBJC_IMPLEMENTATIONS = YES;
				CLANG_WARN_DIRECT_OBJC_ISA_USAGE = YES_ERROR;
				CLANG_WARN_DOCUMENTATION_COMMENTS = YES;
				CLANG_WARN_EMPTY_BODY = YES;
				CLANG_WARN_ENUM_CONVERSION = YES;
				CLANG_WARN_INFINITE_RECURSION = YES;
				CLANG_WARN_INT_CONVERSION = YES;
				CLANG_WARN_NON_LITERAL_NULL_CONVERSION = YES;
				CLANG_WARN_OBJC_IMPLICIT_RETAIN_SELF = YES;
				CLANG_WARN_OBJC_LITERAL_CONVERSION = YES;
				CLANG_WARN_OBJC_ROOT_CLASS = YES_ERROR;
				CLANG_WARN_QUOTED_INCLUDE_IN_FRAMEWORK_HEADER = YES;
				CLANG_WARN_RANGE_LOOP_ANALYSIS = YES;
				CLANG_WARN_STRICT_PROTOTYPES = YES;
				CLANG_WARN_SUSPICIOUS_MOVE = YES;
				CLANG_WARN_UNGUARDED_AVAILABILITY = YES_AGGRESSIVE;
				CLANG_WARN_UNREACHABLE_CODE = YES;
				CLANG_WARN__DUPLICATE_METHOD_MATCH = YES;
				COPY_PHASE_STRIP = NO;
				DEBUG_INFORMATION_FORMAT = "dwarf-with-dsym";
				ENABLE_NS_ASSERTIONS = NO;
				ENABLE_STRICT_OBJC_MSGSEND = YES;
				GCC_C_LANGUAGE_STANDARD = gnu11;
				GCC_NO_COMMON_BLOCKS = YES;
				GCC_WARN_64_TO_32_BIT_CONVERSION = YES;
				GCC_WARN_ABOUT_RETURN_TYPE = YES_ERROR;
				GCC_WARN_UNDECLARED_SELECTOR = YES;
				GCC_WARN_UNINITIALIZED_AUTOS = YES_AGGRESSIVE;
				GCC_WARN_UNUSED_FUNCTION = YES;
				GCC_WARN_UNUSED_VARIABLE = YES;
				IPHONEOS_DEPLOYMENT_TARGET = 16.4;
				MTL_ENABLE_DEBUG_INFO = NO;
				MTL_FAST_MATH = YES;
				SDKROOT = iphoneos;
				SWIFT_COMPILATION_MODE = wholemodule;
				SWIFT_OPTIMIZATION_LEVEL = "-O";
				VALIDATE_PRODUCT = YES;
			};
			name = Release;
		};
		06224DEA2A2A8E5D000B8AED /* Debug */ = {
			isa = XCBuildConfiguration;
			buildSettings = {
				ASSETCATALOG_COMPILER_APPICON_NAME = AppIcon;
				ASSETCATALOG_COMPILER_GLOBAL_ACCENT_COLOR_NAME = AccentColor;
				CODE_SIGN_STYLE = Automatic;
				CURRENT_PROJECT_VERSION = 1;
				DEVELOPMENT_ASSET_PATHS = "\"Anuncios/Preview Content\"";
				DEVELOPMENT_TEAM = 2RK2L8FPJ2;
				ENABLE_PREVIEWS = YES;
				GENERATE_INFOPLIST_FILE = YES;
				INFOPLIST_KEY_UIApplicationSceneManifest_Generation = YES;
				INFOPLIST_KEY_UIApplicationSupportsIndirectInputEvents = YES;
				INFOPLIST_KEY_UILaunchScreen_Generation = YES;
				INFOPLIST_KEY_UISupportedInterfaceOrientations_iPad = "UIInterfaceOrientationPortrait UIInterfaceOrientationPortraitUpsideDown UIInterfaceOrientationLandscapeLeft UIInterfaceOrientationLandscapeRight";
				INFOPLIST_KEY_UISupportedInterfaceOrientations_iPhone = "UIInterfaceOrientationPortrait UIInterfaceOrientationLandscapeLeft UIInterfaceOrientationLandscapeRight";
				LD_RUNPATH_SEARCH_PATHS = (
					"$(inherited)",
					"@executable_path/Frameworks",
				);
				MARKETING_VERSION = 1.0;
				PRODUCT_BUNDLE_IDENTIFIER = co.gustavobergamo.Anuncios;
				PRODUCT_NAME = "$(TARGET_NAME)";
				SWIFT_EMIT_LOC_STRINGS = YES;
				SWIFT_VERSION = 5.0;
				TARGETED_DEVICE_FAMILY = "1,2";
			};
			name = Debug;
		};
		06224DEB2A2A8E5D000B8AED /* Release */ = {
			isa = XCBuildConfiguration;
			buildSettings = {
				ASSETCATALOG_COMPILER_APPICON_NAME = AppIcon;
				ASSETCATALOG_COMPILER_GLOBAL_ACCENT_COLOR_NAME = AccentColor;
				CODE_SIGN_STYLE = Automatic;
				CURRENT_PROJECT_VERSION = 1;
				DEVELOPMENT_ASSET_PATHS = "\"Anuncios/Preview Content\"";
				DEVELOPMENT_TEAM = 2RK2L8FPJ2;
				ENABLE_PREVIEWS = YES;
				GENERATE_INFOPLIST_FILE = YES;
				INFOPLIST_KEY_UIApplicationSceneManifest_Generation = YES;
				INFOPLIST_KEY_UIApplicationSupportsIndirectInputEvents = YES;
				INFOPLIST_KEY_UILaunchScreen_Generation = YES;
				INFOPLIST_KEY_UISupportedInterfaceOrientations_iPad = "UIInterfaceOrientationPortrait UIInterfaceOrientationPortraitUpsideDown UIInterfaceOrientationLandscapeLeft UIInterfaceOrientationLandscapeRight";
				INFOPLIST_KEY_UISupportedInterfaceOrientations_iPhone = "UIInterfaceOrientationPortrait UIInterfaceOrientationLandscapeLeft UIInterfaceOrientationLandscapeRight";
				LD_RUNPATH_SEARCH_PATHS = (
					"$(inherited)",
					"@executable_path/Frameworks",
				);
				MARKETING_VERSION = 1.0;
				PRODUCT_BUNDLE_IDENTIFIER = co.gustavobergamo.Anuncios;
				PRODUCT_NAME = "$(TARGET_NAME)";
				SWIFT_EMIT_LOC_STRINGS = YES;
				SWIFT_VERSION = 5.0;
				TARGETED_DEVICE_FAMILY = "1,2";
			};
			name = Release;
		};
		06224DED2A2A8E5D000B8AED /* Debug */ = {
			isa = XCBuildConfiguration;
			buildSettings = {
				ALWAYS_EMBED_SWIFT_STANDARD_LIBRARIES = YES;
				BUNDLE_LOADER = "$(TEST_HOST)";
				CODE_SIGN_STYLE = Automatic;
				CURRENT_PROJECT_VERSION = 1;
				GENERATE_INFOPLIST_FILE = YES;
				IPHONEOS_DEPLOYMENT_TARGET = 16.4;
				MARKETING_VERSION = 1.0;
				PRODUCT_BUNDLE_IDENTIFIER = co.gustavobergamo.AnunciosTests;
				PRODUCT_NAME = "$(TARGET_NAME)";
				SWIFT_EMIT_LOC_STRINGS = NO;
				SWIFT_VERSION = 5.0;
				TARGETED_DEVICE_FAMILY = "1,2";
				TEST_HOST = "$(BUILT_PRODUCTS_DIR)/Anuncios.app/$(BUNDLE_EXECUTABLE_FOLDER_PATH)/Anuncios";
			};
			name = Debug;
		};
		06224DEE2A2A8E5D000B8AED /* Release */ = {
			isa = XCBuildConfiguration;
			buildSettings = {
				ALWAYS_EMBED_SWIFT_STANDARD_LIBRARIES = YES;
				BUNDLE_LOADER = "$(TEST_HOST)";
				CODE_SIGN_STYLE = Automatic;
				CURRENT_PROJECT_VERSION = 1;
				GENERATE_INFOPLIST_FILE = YES;
				IPHONEOS_DEPLOYMENT_TARGET = 16.4;
				MARKETING_VERSION = 1.0;
				PRODUCT_BUNDLE_IDENTIFIER = co.gustavobergamo.AnunciosTests;
				PRODUCT_NAME = "$(TARGET_NAME)";
				SWIFT_EMIT_LOC_STRINGS = NO;
				SWIFT_VERSION = 5.0;
				TARGETED_DEVICE_FAMILY = "1,2";
				TEST_HOST = "$(BUILT_PRODUCTS_DIR)/Anuncios.app/$(BUNDLE_EXECUTABLE_FOLDER_PATH)/Anuncios";
			};
			name = Release;
		};
		06224DF02A2A8E5D000B8AED /* Debug */ = {
			isa = XCBuildConfiguration;
			buildSettings = {
				ALWAYS_EMBED_SWIFT_STANDARD_LIBRARIES = YES;
				CODE_SIGN_STYLE = Automatic;
				CURRENT_PROJECT_VERSION = 1;
				GENERATE_INFOPLIST_FILE = YES;
				MARKETING_VERSION = 1.0;
				PRODUCT_BUNDLE_IDENTIFIER = co.gustavobergamo.AnunciosUITests;
				PRODUCT_NAME = "$(TARGET_NAME)";
				SWIFT_EMIT_LOC_STRINGS = NO;
				SWIFT_VERSION = 5.0;
				TARGETED_DEVICE_FAMILY = "1,2";
				TEST_TARGET_NAME = Anuncios;
			};
			name = Debug;
		};
		06224DF12A2A8E5D000B8AED /* Release */ = {
			isa = XCBuildConfiguration;
			buildSettings = {
				ALWAYS_EMBED_SWIFT_STANDARD_LIBRARIES = YES;
				CODE_SIGN_STYLE = Automatic;
				CURRENT_PROJECT_VERSION = 1;
				GENERATE_INFOPLIST_FILE = YES;
				MARKETING_VERSION = 1.0;
				PRODUCT_BUNDLE_IDENTIFIER = co.gustavobergamo.AnunciosUITests;
				PRODUCT_NAME = "$(TARGET_NAME)";
				SWIFT_EMIT_LOC_STRINGS = NO;
				SWIFT_VERSION = 5.0;
				TARGETED_DEVICE_FAMILY = "1,2";
				TEST_TARGET_NAME = Anuncios;
			};
			name = Release;
		};
/* End XCBuildConfiguration section */

/* Begin XCConfigurationList section */
		06224DC02A2A8E5C000B8AED /* Build configuration list for PBXProject "Anuncios" */ = {
			isa = XCConfigurationList;
			buildConfigurations = (
				06224DE72A2A8E5D000B8AED /* Debug */,
				06224DE82A2A8E5D000B8AED /* Release */,
			);
			defaultConfigurationIsVisible = 0;
			defaultConfigurationName = Release;
		};
		06224DE92A2A8E5D000B8AED /* Build configuration list for PBXNativeTarget "Anuncios" */ = {
			isa = XCConfigurationList;
			buildConfigurations = (
				06224DEA2A2A8E5D000B8AED /* Debug */,
				06224DEB2A2A8E5D000B8AED /* Release */,
			);
			defaultConfigurationIsVisible = 0;
			defaultConfigurationName = Release;
		};
		06224DEC2A2A8E5D000B8AED /* Build configuration list for PBXNativeTarget "AnunciosTests" */ = {
			isa = XCConfigurationList;
			buildConfigurations = (
				06224DED2A2A8E5D000B8AED /* Debug */,
				06224DEE2A2A8E5D000B8AED /* Release */,
			);
			defaultConfigurationIsVisible = 0;
			defaultConfigurationName = Release;
		};
		06224DEF2A2A8E5D000B8AED /* Build configuration list for PBXNativeTarget "AnunciosUITests" */ = {
			isa = XCConfigurationList;
			buildConfigurations = (
				06224DF02A2A8E5D000B8AED /* Debug */,
				06224DF12A2A8E5D000B8AED /* Release */,
			);
			defaultConfigurationIsVisible = 0;
			defaultConfigurationName = Release;
		};
/* End XCConfigurationList section */
	};
	rootObject = 06224DBD2A2A8E5C000B8AED /* Project object */;
}
